
Microsoft Visual Studio Solution File, Format Version 12.00
# Visual Studio 15
VisualStudioVersion = 15.0.28010.2046
MinimumVisualStudioVersion = 10.0.40219.1
Project("{FAE04EC0-301F-11D3-BF4B-00C04F79EFBC}") = "COMP123-S2019-Lesson13A-Part1", "COMP123-S2019-Lesson13A-Part1\COMP123-S2019-Lesson13A-Part1.csproj", "{80A91FCD-E448-4B03-B574-032DBAD77579}"
EndProject
Project("{FAE04EC0-301F-11D3-BF4B-00C04F79EFBC}") = "COMP123-S2019-Lesson13A-Part2", "COMP123-S2019-Lesson13A-Part2\COMP123-S2019-Lesson13A-Part2.csproj", "{0CD9118D-CCAE-49F6-833D-140A52F34394}"
EndProject
Project("{FAE04EC0-301F-11D3-BF4B-00C04F79EFBC}") = "COMP123-S2019-Lesson13A-Part3", "COMP123-S2019-Lesson13A-Part3\COMP123-S2019-Lesson13A-Part3.csproj", "{BAD1BF28-73FC-4796-8BE5-F1C44C226A47}"
EndProject
Global
	GlobalSection(SolutionConfigurationPlatforms) = preSolution
		Debug|Any CPU = Debug|Any CPU
		Release|Any CPU = Release|Any CPU
	EndGlobalSection
	GlobalSection(ProjectConfigurationPlatforms) = postSolution
		{80A91FCD-E448-4B03-B574-032DBAD77579}.Debug|Any CPU.ActiveCfg = Debug|Any CPU
		{80A91FCD-E448-4B03-B574-032DBAD77579}.Debug|Any CPU.Build.0 = Debug|Any CPU
		{80A91FCD-E448-4B03-B574-032DBAD77579}.Release|Any CPU.ActiveCfg = Release|Any CPU
		{80A91FCD-E448-4B03-B574-032DBAD77579}.Release|Any CPU.Build.0 = Release|Any CPU
		{0CD9118D-CCAE-49F6-833D-140A52F34394}.Debug|Any CPU.ActiveCfg = Debug|Any CPU
		{0CD9118D-CCAE-49F6-833D-140A52F34394}.Debug|Any CPU.Build.0 = Debug|Any CPU
		{0CD9118D-CCAE-49F6-833D-140A52F34394}.Release|Any CPU.ActiveCfg = Release|Any CPU
		{0CD9118D-CCAE-49F6-833D-140A52F34394}.Release|Any CPU.Build.0 = Release|Any CPU
		{BAD1BF28-73FC-4796-8BE5-F1C44C226A47}.Debug|Any CPU.ActiveCfg = Debug|Any CPU
		{BAD1BF28-73FC-4796-8BE5-F1C44C226A47}.Debug|Any CPU.Build.0 = Debug|Any CPU
		{BAD1BF28-73FC-4796-8BE5-F1C44C226A47}.Release|Any CPU.ActiveCfg = Release|Any CPU
		{BAD1BF28-73FC-4796-8BE5-F1C44C226A47}.Release|Any CPU.Build.0 = Release|Any CPU
	EndGlobalSection
	GlobalSection(SolutionProperties) = preSolution
		HideSolutionNode = FALSE
	EndGlobalSection
	GlobalSection(ExtensibilityGlobals) = postSolution
		SolutionGuid = {B1FB32DA-E4F3-4722-B9DC-4C124B8EC7A7}
	EndGlobalSection
EndGlobal
